
Microsoft Visual Studio Solution File, Format Version 12.00
# Visual Studio 2013
VisualStudioVersion = 12.0.31101.0
MinimumVisualStudioVersion = 10.0.40219.1
Project("{FAE04EC0-301F-11D3-BF4B-00C04F79EFBC}") = "Modul03", "Modul03\Modul03.csproj", "{5CD51E2B-69E0-4D6C-A151-B5A7945FD490}"
EndProject
Project("{FAE04EC0-301F-11D3-BF4B-00C04F79EFBC}") = "BoolExplore", "BoolExplore\BoolExplore.csproj", "{6E593040-C168-440D-8EDE-DF6EEEBE1B4C}"
EndProject
Project("{FAE04EC0-301F-11D3-BF4B-00C04F79EFBC}") = "BoolExplore2", "BoolExplore2\BoolExplore2.csproj", "{8726E615-7FDA-4063-86E6-6F33269A15FC}"
EndProject
Project("{FAE04EC0-301F-11D3-BF4B-00C04F79EFBC}") = "Switch", "Switch\Switch.csproj", "{18C18CD3-002C-40C7-9EDE-4ED02BBE320B}"
EndProject
Global
	GlobalSection(SolutionConfigurationPlatforms) = preSolution
		Debug|Any CPU = Debug|Any CPU
		Release|Any CPU = Release|Any CPU
	EndGlobalSection
	GlobalSection(ProjectConfigurationPlatforms) = postSolution
		{5CD51E2B-69E0-4D6C-A151-B5A7945FD490}.Debug|Any CPU.ActiveCfg = Debug|Any CPU
		{5CD51E2B-69E0-4D6C-A151-B5A7945FD490}.Debug|Any CPU.Build.0 = Debug|Any CPU
		{5CD51E2B-69E0-4D6C-A151-B5A7945FD490}.Release|Any CPU.ActiveCfg = Release|Any CPU
		{5CD51E2B-69E0-4D6C-A151-B5A7945FD490}.Release|Any CPU.Build.0 = Release|Any CPU
		{6E593040-C168-440D-8EDE-DF6EEEBE1B4C}.Debug|Any CPU.ActiveCfg = Debug|Any CPU
		{6E593040-C168-440D-8EDE-DF6EEEBE1B4C}.Debug|Any CPU.Build.0 = Debug|Any CPU
		{6E593040-C168-440D-8EDE-DF6EEEBE1B4C}.Release|Any CPU.ActiveCfg = Release|Any CPU
		{6E593040-C168-440D-8EDE-DF6EEEBE1B4C}.Release|Any CPU.Build.0 = Release|Any CPU
		{8726E615-7FDA-4063-86E6-6F33269A15FC}.Debug|Any CPU.ActiveCfg = Debug|Any CPU
		{8726E615-7FDA-4063-86E6-6F33269A15FC}.Debug|Any CPU.Build.0 = Debug|Any CPU
		{8726E615-7FDA-4063-86E6-6F33269A15FC}.Release|Any CPU.ActiveCfg = Release|Any CPU
		{8726E615-7FDA-4063-86E6-6F33269A15FC}.Release|Any CPU.Build.0 = Release|Any CPU
		{18C18CD3-002C-40C7-9EDE-4ED02BBE320B}.Debug|Any CPU.ActiveCfg = Debug|Any CPU
		{18C18CD3-002C-40C7-9EDE-4ED02BBE320B}.Debug|Any CPU.Build.0 = Debug|Any CPU
		{18C18CD3-002C-40C7-9EDE-4ED02BBE320B}.Release|Any CPU.ActiveCfg = Release|Any CPU
		{18C18CD3-002C-40C7-9EDE-4ED02BBE320B}.Release|Any CPU.Build.0 = Release|Any CPU
	EndGlobalSection
	GlobalSection(SolutionProperties) = preSolution
		HideSolutionNode = FALSE
	EndGlobalSection
EndGlobal
